// !$*UTF8*$!
{
	archiveVersion = 1;
	classes = {
	};
	objectVersion = 50;
	objects = {

/* Begin PBXBuildFile section */
		8D9ACA2225DB7D42008E4809 /* AppDelegate.swift in Sources */ = {isa = PBXBuildFile; fileRef = 8D9ACA2125DB7D42008E4809 /* AppDelegate.swift */; };
		8D9ACA2425DB7D42008E4809 /* SceneDelegate.swift in Sources */ = {isa = PBXBuildFile; fileRef = 8D9ACA2325DB7D42008E4809 /* SceneDelegate.swift */; };
		8D9ACA2625DB7D42008E4809 /* MainViewController.swift in Sources */ = {isa = PBXBuildFile; fileRef = 8D9ACA2525DB7D42008E4809 /* MainViewController.swift */; };
		8D9ACA2925DB7D42008E4809 /* Main.storyboard in Resources */ = {isa = PBXBuildFile; fileRef = 8D9ACA2725DB7D42008E4809 /* Main.storyboard */; };
		8D9ACA2B25DB7D43008E4809 /* Assets.xcassets in Resources */ = {isa = PBXBuildFile; fileRef = 8D9ACA2A25DB7D43008E4809 /* Assets.xcassets */; };
		8D9ACA2E25DB7D43008E4809 /* LaunchScreen.storyboard in Resources */ = {isa = PBXBuildFile; fileRef = 8D9ACA2C25DB7D43008E4809 /* LaunchScreen.storyboard */; };
		8D9ACA3F25DB7EEF008E4809 /* CollectionViewController.swift in Sources */ = {isa = PBXBuildFile; fileRef = 8D9ACA3E25DB7EEF008E4809 /* CollectionViewController.swift */; };
		8D9ACA4225DB7F2C008E4809 /* NoteViewController.swift in Sources */ = {isa = PBXBuildFile; fileRef = 8D9ACA4125DB7F2C008E4809 /* NoteViewController.swift */; };
		8D9ACA4725DB7F63008E4809 /* NotesManager.swift in Sources */ = {isa = PBXBuildFile; fileRef = 8D9ACA4625DB7F63008E4809 /* NotesManager.swift */; };
		8D9ACA4C25DB7F81008E4809 /* Collection.swift in Sources */ = {isa = PBXBuildFile; fileRef = 8D9ACA4B25DB7F81008E4809 /* Collection.swift */; };
		8D9ACA4F25DB7F8C008E4809 /* Note.swift in Sources */ = {isa = PBXBuildFile; fileRef = 8D9ACA4E25DB7F8C008E4809 /* Note.swift */; };
		8D9ACA5825DB8087008E4809 /* CollectionCell.swift in Sources */ = {isa = PBXBuildFile; fileRef = 8D9ACA5725DB8087008E4809 /* CollectionCell.swift */; };
/* End PBXBuildFile section */

/* Begin PBXFileReference section */
		8D9ACA1E25DB7D42008E4809 /* notist-app.app */ = {isa = PBXFileReference; explicitFileType = wrapper.application; includeInIndex = 0; path = "notist-app.app"; sourceTree = BUILT_PRODUCTS_DIR; };
		8D9ACA2125DB7D42008E4809 /* AppDelegate.swift */ = {isa = PBXFileReference; lastKnownFileType = sourcecode.swift; path = AppDelegate.swift; sourceTree = "<group>"; };
		8D9ACA2325DB7D42008E4809 /* SceneDelegate.swift */ = {isa = PBXFileReference; lastKnownFileType = sourcecode.swift; path = SceneDelegate.swift; sourceTree = "<group>"; };
		8D9ACA2525DB7D42008E4809 /* MainViewController.swift */ = {isa = PBXFileReference; lastKnownFileType = sourcecode.swift; path = MainViewController.swift; sourceTree = "<group>"; };
		8D9ACA2825DB7D42008E4809 /* Base */ = {isa = PBXFileReference; lastKnownFileType = file.storyboard; name = Base; path = Base.lproj/Main.storyboard; sourceTree = "<group>"; };
		8D9ACA2A25DB7D43008E4809 /* Assets.xcassets */ = {isa = PBXFileReference; lastKnownFileType = folder.assetcatalog; path = Assets.xcassets; sourceTree = "<group>"; };
		8D9ACA2D25DB7D43008E4809 /* Base */ = {isa = PBXFileReference; lastKnownFileType = file.storyboard; name = Base; path = Base.lproj/LaunchScreen.storyboard; sourceTree = "<group>"; };
		8D9ACA2F25DB7D43008E4809 /* Info.plist */ = {isa = PBXFileReference; lastKnownFileType = text.plist.xml; path = Info.plist; sourceTree = "<group>"; };
		8D9ACA3E25DB7EEF008E4809 /* CollectionViewController.swift */ = {isa = PBXFileReference; lastKnownFileType = sourcecode.swift; path = CollectionViewController.swift; sourceTree = "<group>"; };
		8D9ACA4125DB7F2C008E4809 /* NoteViewController.swift */ = {isa = PBXFileReference; lastKnownFileType = sourcecode.swift; path = NoteViewController.swift; sourceTree = "<group>"; };
		8D9ACA4625DB7F63008E4809 /* NotesManager.swift */ = {isa = PBXFileReference; lastKnownFileType = sourcecode.swift; path = NotesManager.swift; sourceTree = "<group>"; };
		8D9ACA4B25DB7F81008E4809 /* Collection.swift */ = {isa = PBXFileReference; lastKnownFileType = sourcecode.swift; path = Collection.swift; sourceTree = "<group>"; };
		8D9ACA4E25DB7F8C008E4809 /* Note.swift */ = {isa = PBXFileReference; lastKnownFileType = sourcecode.swift; path = Note.swift; sourceTree = "<group>"; };
		8D9ACA5725DB8087008E4809 /* CollectionCell.swift */ = {isa = PBXFileReference; lastKnownFileType = sourcecode.swift; path = CollectionCell.swift; sourceTree = "<group>"; };
/* End PBXFileReference section */

/* Begin PBXFrameworksBuildPhase section */
		8D9ACA1B25DB7D42008E4809 /* Frameworks */ = {
			isa = PBXFrameworksBuildPhase;
			buildActionMask = 2147483647;
			files = (
			);
			runOnlyForDeploymentPostprocessing = 0;
		};
/* End PBXFrameworksBuildPhase section */

/* Begin PBXGroup section */
		8D9ACA1525DB7D42008E4809 = {
			isa = PBXGroup;
			children = (
				8D9ACA2025DB7D42008E4809 /* notist-app */,
				8D9ACA1F25DB7D42008E4809 /* Products */,
			);
			sourceTree = "<group>";
		};
		8D9ACA1F25DB7D42008E4809 /* Products */ = {
			isa = PBXGroup;
			children = (
				8D9ACA1E25DB7D42008E4809 /* notist-app.app */,
			);
			name = Products;
			sourceTree = "<group>";
		};
		8D9ACA2025DB7D42008E4809 /* notist-app */ = {
			isa = PBXGroup;
			children = (
				8D9ACA2125DB7D42008E4809 /* AppDelegate.swift */,
				8D9ACA2325DB7D42008E4809 /* SceneDelegate.swift */,
				8D9ACA4925DB7F68008E4809 /* Model */,
				8D9ACA5125DB7F9E008E4809 /* View */,
				8D9ACA3625DB7E4C008E4809 /* Controller */,
				8D9ACA2A25DB7D43008E4809 /* Assets.xcassets */,
				8D9ACA2C25DB7D43008E4809 /* LaunchScreen.storyboard */,
				8D9ACA2F25DB7D43008E4809 /* Info.plist */,
			);
			path = "notist-app";
			sourceTree = "<group>";
		};
		8D9ACA3625DB7E4C008E4809 /* Controller */ = {
			isa = PBXGroup;
			children = (
				8D9ACA2525DB7D42008E4809 /* MainViewController.swift */,
				8D9ACA3E25DB7EEF008E4809 /* CollectionViewController.swift */,
				8D9ACA4125DB7F2C008E4809 /* NoteViewController.swift */,
			);
			path = Controller;
			sourceTree = "<group>";
		};
		8D9ACA4925DB7F68008E4809 /* Model */ = {
			isa = PBXGroup;
			children = (
				8D9ACA4625DB7F63008E4809 /* NotesManager.swift */,
				8D9ACA4B25DB7F81008E4809 /* Collection.swift */,
				8D9ACA4E25DB7F8C008E4809 /* Note.swift */,
			);
			path = Model;
			sourceTree = "<group>";
		};
		8D9ACA5125DB7F9E008E4809 /* View */ = {
			isa = PBXGroup;
			children = (
				8D9ACA2725DB7D42008E4809 /* Main.storyboard */,
				8D9ACA5725DB8087008E4809 /* CollectionCell.swift */,
			);
			path = View;
			sourceTree = "<group>";
		};
/* End PBXGroup section */

/* Begin PBXNativeTarget section */
		8D9ACA1D25DB7D42008E4809 /* notist-app */ = {
			isa = PBXNativeTarget;
			buildConfigurationList = 8D9ACA3225DB7D43008E4809 /* Build configuration list for PBXNativeTarget "notist-app" */;
			buildPhases = (
				8D9ACA1A25DB7D42008E4809 /* Sources */,
				8D9ACA1B25DB7D42008E4809 /* Frameworks */,
				8D9ACA1C25DB7D42008E4809 /* Resources */,
			);
			buildRules = (
			);
			dependencies = (
			);
			name = "notist-app";
			productName = "notist-app";
			productReference = 8D9ACA1E25DB7D42008E4809 /* notist-app.app */;
			productType = "com.apple.product-type.application";
		};
/* End PBXNativeTarget section */

/* Begin PBXProject section */
		8D9ACA1625DB7D42008E4809 /* Project object */ = {
			isa = PBXProject;
			attributes = {
				LastSwiftUpdateCheck = 1240;
				LastUpgradeCheck = 1240;
				TargetAttributes = {
					8D9ACA1D25DB7D42008E4809 = {
						CreatedOnToolsVersion = 12.4;
					};
				};
			};
			buildConfigurationList = 8D9ACA1925DB7D42008E4809 /* Build configuration list for PBXProject "notist-app" */;
			compatibilityVersion = "Xcode 9.3";
			developmentRegion = en;
			hasScannedForEncodings = 0;
			knownRegions = (
				en,
				Base,
			);
			mainGroup = 8D9ACA1525DB7D42008E4809;
			productRefGroup = 8D9ACA1F25DB7D42008E4809 /* Products */;
			projectDirPath = "";
			projectRoot = "";
			targets = (
				8D9ACA1D25DB7D42008E4809 /* notist-app */,
			);
		};
/* End PBXProject section */

/* Begin PBXResourcesBuildPhase section */
		8D9ACA1C25DB7D42008E4809 /* Resources */ = {
			isa = PBXResourcesBuildPhase;
			buildActionMask = 2147483647;
			files = (
				8D9ACA2E25DB7D43008E4809 /* LaunchScreen.storyboard in Resources */,
				8D9ACA2B25DB7D43008E4809 /* Assets.xcassets in Resources */,
				8D9ACA2925DB7D42008E4809 /* Main.storyboard in Resources */,
			);
			runOnlyForDeploymentPostprocessing = 0;
		};
/* End PBXResourcesBuildPhase section */

/* Begin PBXSourcesBuildPhase section */
		8D9ACA1A25DB7D42008E4809 /* Sources */ = {
			isa = PBXSourcesBuildPhase;
			buildActionMask = 2147483647;
			files = (
				8D9ACA3F25DB7EEF008E4809 /* CollectionViewController.swift in Sources */,
				8D9ACA4725DB7F63008E4809 /* NotesManager.swift in Sources */,
				8D9ACA5825DB8087008E4809 /* CollectionCell.swift in Sources */,
				8D9ACA2625DB7D42008E4809 /* MainViewController.swift in Sources */,
				8D9ACA4F25DB7F8C008E4809 /* Note.swift in Sources */,
				8D9ACA2225DB7D42008E4809 /* AppDelegate.swift in Sources */,
				8D9ACA4225DB7F2C008E4809 /* NoteViewController.swift in Sources */,
				8D9ACA4C25DB7F81008E4809 /* Collection.swift in Sources */,
				8D9ACA2425DB7D42008E4809 /* SceneDelegate.swift in Sources */,
			);
			runOnlyForDeploymentPostprocessing = 0;
		};
/* End PBXSourcesBuildPhase section */

/* Begin PBXVariantGroup section */
		8D9ACA2725DB7D42008E4809 /* Main.storyboard */ = {
			isa = PBXVariantGroup;
			children = (
				8D9ACA2825DB7D42008E4809 /* Base */,
			);
			name = Main.storyboard;
			sourceTree = "<group>";
		};
		8D9ACA2C25DB7D43008E4809 /* LaunchScreen.storyboard */ = {
			isa = PBXVariantGroup;
			children = (
				8D9ACA2D25DB7D43008E4809 /* Base */,
			);
			name = LaunchScreen.storyboard;
			sourceTree = "<group>";
		};
/* End PBXVariantGroup section */

/* Begin XCBuildConfiguration section */
		8D9ACA3025DB7D43008E4809 /* Debug */ = {
			isa = XCBuildConfiguration;
			buildSettings = {
				ALWAYS_SEARCH_USER_PATHS = NO;
				CLANG_ANALYZER_NONNULL = YES;
				CLANG_ANALYZER_NUMBER_OBJECT_CONVERSION = YES_AGGRESSIVE;
				CLANG_CXX_LANGUAGE_STANDARD = "gnu++14";
				CLANG_CXX_LIBRARY = "libc++";
				CLANG_ENABLE_MODULES = YES;
				CLANG_ENABLE_OBJC_ARC = YES;
				CLANG_ENABLE_OBJC_WEAK = YES;
				CLANG_WARN_BLOCK_CAPTURE_AUTORELEASING = YES;
				CLANG_WARN_BOOL_CONVERSION = YES;
				CLANG_WARN_COMMA = YES;
				CLANG_WARN_CONSTANT_CONVERSION = YES;
				CLANG_WARN_DEPRECATED_OBJC_IMPLEMENTATIONS = YES;
				CLANG_WARN_DIRECT_OBJC_ISA_USAGE = YES_ERROR;
				CLANG_WARN_DOCUMENTATION_COMMENTS = YES;
				CLANG_WARN_EMPTY_BODY = YES;
				CLANG_WARN_ENUM_CONVERSION = YES;
				CLANG_WARN_INFINITE_RECURSION = YES;
				CLANG_WARN_INT_CONVERSION = YES;
				CLANG_WARN_NON_LITERAL_NULL_CONVERSION = YES;
				CLANG_WARN_OBJC_IMPLICIT_RETAIN_SELF = YES;
				CLANG_WARN_OBJC_LITERAL_CONVERSION = YES;
				CLANG_WARN_OBJC_ROOT_CLASS = YES_ERROR;
				CLANG_WARN_QUOTED_INCLUDE_IN_FRAMEWORK_HEADER = YES;
				CLANG_WARN_RANGE_LOOP_ANALYSIS = YES;
				CLANG_WARN_STRICT_PROTOTYPES = YES;
				CLANG_WARN_SUSPICIOUS_MOVE = YES;
				CLANG_WARN_UNGUARDED_AVAILABILITY = YES_AGGRESSIVE;
				CLANG_WARN_UNREACHABLE_CODE = YES;
				CLANG_WARN__DUPLICATE_METHOD_MATCH = YES;
				COPY_PHASE_STRIP = NO;
				DEBUG_INFORMATION_FORMAT = dwarf;
				ENABLE_STRICT_OBJC_MSGSEND = YES;
				ENABLE_TESTABILITY = YES;
				GCC_C_LANGUAGE_STANDARD = gnu11;
				GCC_DYNAMIC_NO_PIC = NO;
				GCC_NO_COMMON_BLOCKS = YES;
				GCC_OPTIMIZATION_LEVEL = 0;
				GCC_PREPROCESSOR_DEFINITIONS = (
					"DEBUG=1",
					"$(inherited)",
				);
				GCC_WARN_64_TO_32_BIT_CONVERSION = YES;
				GCC_WARN_ABOUT_RETURN_TYPE = YES_ERROR;
				GCC_WARN_UNDECLARED_SELECTOR = YES;
				GCC_WARN_UNINITIALIZED_AUTOS = YES_AGGRESSIVE;
				GCC_WARN_UNUSED_FUNCTION = YES;
				GCC_WARN_UNUSED_VARIABLE = YES;
				IPHONEOS_DEPLOYMENT_TARGET = 14.4;
				MTL_ENABLE_DEBUG_INFO = INCLUDE_SOURCE;
				MTL_FAST_MATH = YES;
				ONLY_ACTIVE_ARCH = YES;
				SDKROOT = iphoneos;
				SWIFT_ACTIVE_COMPILATION_CONDITIONS = DEBUG;
				SWIFT_OPTIMIZATION_LEVEL = "-Onone";
			};
			name = Debug;
		};
		8D9ACA3125DB7D43008E4809 /* Release */ = {
			isa = XCBuildConfiguration;
			buildSettings = {
				ALWAYS_SEARCH_USER_PATHS = NO;
				CLANG_ANALYZER_NONNULL = YES;
				CLANG_ANALYZER_NUMBER_OBJECT_CONVERSION = YES_AGGRESSIVE;
				CLANG_CXX_LANGUAGE_STANDARD = "gnu++14";
				CLANG_CXX_LIBRARY = "libc++";
				CLANG_ENABLE_MODULES = YES;
				CLANG_ENABLE_OBJC_ARC = YES;
				CLANG_ENABLE_OBJC_WEAK = YES;
				CLANG_WARN_BLOCK_CAPTURE_AUTORELEASING = YES;
				CLANG_WARN_BOOL_CONVERSION = YES;
				CLANG_WARN_COMMA = YES;
				CLANG_WARN_CONSTANT_CONVERSION = YES;
				CLANG_WARN_DEPRECATED_OBJC_IMPLEMENTATIONS = YES;
				CLANG_WARN_DIRECT_OBJC_ISA_USAGE = YES_ERROR;
				CLANG_WARN_DOCUMENTATION_COMMENTS = YES;
				CLANG_WARN_EMPTY_BODY = YES;
				CLANG_WARN_ENUM_CONVERSION = YES;
				CLANG_WARN_INFINITE_RECURSION = YES;
				CLANG_WARN_INT_CONVERSION = YES;
				CLANG_WARN_NON_LITERAL_NULL_CONVERSION = YES;
				CLANG_WARN_OBJC_IMPLICIT_RETAIN_SELF = YES;
				CLANG_WARN_OBJC_LITERAL_CONVERSION = YES;
				CLANG_WARN_OBJC_ROOT_CLASS = YES_ERROR;
				CLANG_WARN_QUOTED_INCLUDE_IN_FRAMEWORK_HEADER = YES;
				CLANG_WARN_RANGE_LOOP_ANALYSIS = YES;
				CLANG_WARN_STRICT_PROTOTYPES = YES;
				CLANG_WARN_SUSPICIOUS_MOVE = YES;
				CLANG_WARN_UNGUARDED_AVAILABILITY = YES_AGGRESSIVE;
				CLANG_WARN_UNREACHABLE_CODE = YES;
				CLANG_WARN__DUPLICATE_METHOD_MATCH = YES;
				COPY_PHASE_STRIP = NO;
				DEBUG_INFORMATION_FORMAT = "dwarf-with-dsym";
				ENABLE_NS_ASSERTIONS = NO;
				ENABLE_STRICT_OBJC_MSGSEND = YES;
				GCC_C_LANGUAGE_STANDARD = gnu11;
				GCC_NO_COMMON_BLOCKS = YES;
				GCC_WARN_64_TO_32_BIT_CONVERSION = YES;
				GCC_WARN_ABOUT_RETURN_TYPE = YES_ERROR;
				GCC_WARN_UNDECLARED_SELECTOR = YES;
				GCC_WARN_UNINITIALIZED_AUTOS = YES_AGGRESSIVE;
				GCC_WARN_UNUSED_FUNCTION = YES;
				GCC_WARN_UNUSED_VARIABLE = YES;
				IPHONEOS_DEPLOYMENT_TARGET = 14.4;
				MTL_ENABLE_DEBUG_INFO = NO;
				MTL_FAST_MATH = YES;
				SDKROOT = iphoneos;
				SWIFT_COMPILATION_MODE = wholemodule;
				SWIFT_OPTIMIZATION_LEVEL = "-O";
				VALIDATE_PRODUCT = YES;
			};
			name = Release;
		};
		8D9ACA3325DB7D43008E4809 /* Debug */ = {
			isa = XCBuildConfiguration;
			buildSettings = {
				ASSETCATALOG_COMPILER_APPICON_NAME = AppIcon;
				ASSETCATALOG_COMPILER_GLOBAL_ACCENT_COLOR_NAME = AccentColor;
				CODE_SIGN_STYLE = Automatic;
				DEVELOPMENT_TEAM = W59YFRW7LJ;
				INFOPLIST_FILE = "notist-app/Info.plist";
				LD_RUNPATH_SEARCH_PATHS = (
					"$(inherited)",
					"@executable_path/Frameworks",
				);
				PRODUCT_BUNDLE_IDENTIFIER = "net.mrcos.notist-app";
				PRODUCT_NAME = "$(TARGET_NAME)";
				SWIFT_VERSION = 5.0;
				TARGETED_DEVICE_FAMILY = 1;
			};
			name = Debug;
		};
		8D9ACA3425DB7D43008E4809 /* Release */ = {
			isa = XCBuildConfiguration;
			buildSettings = {
				ASSETCATALOG_COMPILER_APPICON_NAME = AppIcon;
				ASSETCATALOG_COMPILER_GLOBAL_ACCENT_COLOR_NAME = AccentColor;
				CODE_SIGN_STYLE = Automatic;
				DEVELOPMENT_TEAM = W59YFRW7LJ;
				INFOPLIST_FILE = "notist-app/Info.plist";
				LD_RUNPATH_SEARCH_PATHS = (
					"$(inherited)",
					"@executable_path/Frameworks",
				);
				PRODUCT_BUNDLE_IDENTIFIER = "net.mrcos.notist-app";
				PRODUCT_NAME = "$(TARGET_NAME)";
				SWIFT_VERSION = 5.0;
				TARGETED_DEVICE_FAMILY = 1;
			};
			name = Release;
		};
/* End XCBuildConfiguration section */

/* Begin XCConfigurationList section */
		8D9ACA1925DB7D42008E4809 /* Build configuration list for PBXProject "notist-app" */ = {
			isa = XCConfigurationList;
			buildConfigurations = (
				8D9ACA3025DB7D43008E4809 /* Debug */,
				8D9ACA3125DB7D43008E4809 /* Release */,
			);
			defaultConfigurationIsVisible = 0;
			defaultConfigurationName = Release;
		};
		8D9ACA3225DB7D43008E4809 /* Build configuration list for PBXNativeTarget "notist-app" */ = {
			isa = XCConfigurationList;
			buildConfigurations = (
				8D9ACA3325DB7D43008E4809 /* Debug */,
				8D9ACA3425DB7D43008E4809 /* Release */,
			);
			defaultConfigurationIsVisible = 0;
			defaultConfigurationName = Release;
		};
/* End XCConfigurationList section */
	};
	rootObject = 8D9ACA1625DB7D42008E4809 /* Project object */;
}
